// !$*UTF8*$!
{
	archiveVersion = 1;
	classes = {
	};
	objectVersion = 50;
	objects = {

/* Begin PBXBuildFile section */
		0FFAD2ED21F5280200AC17D8 /* AppDelegate.swift in Sources */ = {isa = PBXBuildFile; fileRef = 0FFAD2EC21F5280200AC17D8 /* AppDelegate.swift */; };
		0FFAD2EF21F5280200AC17D8 /* ViewController.swift in Sources */ = {isa = PBXBuildFile; fileRef = 0FFAD2EE21F5280200AC17D8 /* ViewController.swift */; };
		0FFAD2F221F5280300AC17D8 /* Main.storyboard in Resources */ = {isa = PBXBuildFile; fileRef = 0FFAD2F021F5280300AC17D8 /* Main.storyboard */; };
		0FFAD2F421F5282500AC17D8 /* Assets.xcassets in Resources */ = {isa = PBXBuildFile; fileRef = 0FFAD2F321F5282500AC17D8 /* Assets.xcassets */; };
		0FFAD2F721F5282500AC17D8 /* LaunchScreen.storyboard in Resources */ = {isa = PBXBuildFile; fileRef = 0FFAD2F521F5282500AC17D8 /* LaunchScreen.storyboard */; };
		0FFAD30221F5282600AC17D8 /* flixTests.swift in Sources */ = {isa = PBXBuildFile; fileRef = 0FFAD30121F5282600AC17D8 /* flixTests.swift */; };
		0FFAD30D21F5282700AC17D8 /* flixUITests.swift in Sources */ = {isa = PBXBuildFile; fileRef = 0FFAD30C21F5282700AC17D8 /* flixUITests.swift */; };
/* End PBXBuildFile section */

/* Begin PBXContainerItemProxy section */
		0FFAD2FE21F5282600AC17D8 /* PBXContainerItemProxy */ = {
			isa = PBXContainerItemProxy;
			containerPortal = 0FFAD2E121F5280200AC17D8 /* Project object */;
			proxyType = 1;
			remoteGlobalIDString = 0FFAD2E821F5280200AC17D8;
			remoteInfo = flix;
		};
		0FFAD30921F5282700AC17D8 /* PBXContainerItemProxy */ = {
			isa = PBXContainerItemProxy;
			containerPortal = 0FFAD2E121F5280200AC17D8 /* Project object */;
			proxyType = 1;
			remoteGlobalIDString = 0FFAD2E821F5280200AC17D8;
			remoteInfo = flix;
		};
/* End PBXContainerItemProxy section */

/* Begin PBXFileReference section */
		0FFAD2E921F5280200AC17D8 /* flix.app */ = {isa = PBXFileReference; explicitFileType = wrapper.application; includeInIndex = 0; path = flix.app; sourceTree = BUILT_PRODUCTS_DIR; };
		0FFAD2EC21F5280200AC17D8 /* AppDelegate.swift */ = {isa = PBXFileReference; lastKnownFileType = sourcecode.swift; path = AppDelegate.swift; sourceTree = "<group>"; };
		0FFAD2EE21F5280200AC17D8 /* ViewController.swift */ = {isa = PBXFileReference; lastKnownFileType = sourcecode.swift; path = ViewController.swift; sourceTree = "<group>"; };
		0FFAD2F121F5280300AC17D8 /* Base */ = {isa = PBXFileReference; lastKnownFileType = file.storyboard; name = Base; path = Base.lproj/Main.storyboard; sourceTree = "<group>"; };
		0FFAD2F321F5282500AC17D8 /* Assets.xcassets */ = {isa = PBXFileReference; lastKnownFileType = folder.assetcatalog; path = Assets.xcassets; sourceTree = "<group>"; };
		0FFAD2F621F5282500AC17D8 /* Base */ = {isa = PBXFileReference; lastKnownFileType = file.storyboard; name = Base; path = Base.lproj/LaunchScreen.storyboard; sourceTree = "<group>"; };
		0FFAD2F821F5282500AC17D8 /* Info.plist */ = {isa = PBXFileReference; lastKnownFileType = text.plist.xml; path = Info.plist; sourceTree = "<group>"; };
		0FFAD2FD21F5282600AC17D8 /* flixTests.xctest */ = {isa = PBXFileReference; explicitFileType = wrapper.cfbundle; includeInIndex = 0; path = flixTests.xctest; sourceTree = BUILT_PRODUCTS_DIR; };
		0FFAD30121F5282600AC17D8 /* flixTests.swift */ = {isa = PBXFileReference; lastKnownFileType = sourcecode.swift; path = flixTests.swift; sourceTree = "<group>"; };
		0FFAD30321F5282600AC17D8 /* Info.plist */ = {isa = PBXFileReference; lastKnownFileType = text.plist.xml; path = Info.plist; sourceTree = "<group>"; };
		0FFAD30821F5282700AC17D8 /* flixUITests.xctest */ = {isa = PBXFileReference; explicitFileType = wrapper.cfbundle; includeInIndex = 0; path = flixUITests.xctest; sourceTree = BUILT_PRODUCTS_DIR; };
		0FFAD30C21F5282700AC17D8 /* flixUITests.swift */ = {isa = PBXFileReference; lastKnownFileType = sourcecode.swift; path = flixUITests.swift; sourceTree = "<group>"; };
		0FFAD30E21F5282700AC17D8 /* Info.plist */ = {isa = PBXFileReference; lastKnownFileType = text.plist.xml; path = Info.plist; sourceTree = "<group>"; };
/* End PBXFileReference section */

/* Begin PBXFrameworksBuildPhase section */
		0FFAD2E621F5280200AC17D8 /* Frameworks */ = {
			isa = PBXFrameworksBuildPhase;
			buildActionMask = 2147483647;
			files = (
			);
			runOnlyForDeploymentPostprocessing = 0;
		};
		0FFAD2FA21F5282600AC17D8 /* Frameworks */ = {
			isa = PBXFrameworksBuildPhase;
			buildActionMask = 2147483647;
			files = (
			);
			runOnlyForDeploymentPostprocessing = 0;
		};
		0FFAD30521F5282700AC17D8 /* Frameworks */ = {
			isa = PBXFrameworksBuildPhase;
			buildActionMask = 2147483647;
			files = (
			);
			runOnlyForDeploymentPostprocessing = 0;
		};
/* End PBXFrameworksBuildPhase section */

/* Begin PBXGroup section */
		0FFAD2E021F5280200AC17D8 = {
			isa = PBXGroup;
			children = (
				0FFAD2EB21F5280200AC17D8 /* flix */,
				0FFAD30021F5282600AC17D8 /* flixTests */,
				0FFAD30B21F5282700AC17D8 /* flixUITests */,
				0FFAD2EA21F5280200AC17D8 /* Products */,
			);
			sourceTree = "<group>";
		};
		0FFAD2EA21F5280200AC17D8 /* Products */ = {
			isa = PBXGroup;
			children = (
				0FFAD2E921F5280200AC17D8 /* flix.app */,
				0FFAD2FD21F5282600AC17D8 /* flixTests.xctest */,
				0FFAD30821F5282700AC17D8 /* flixUITests.xctest */,
			);
			name = Products;
			sourceTree = "<group>";
		};
		0FFAD2EB21F5280200AC17D8 /* flix */ = {
			isa = PBXGroup;
			children = (
				0FFAD2EC21F5280200AC17D8 /* AppDelegate.swift */,
				0FFAD2EE21F5280200AC17D8 /* ViewController.swift */,
				0FFAD2F021F5280300AC17D8 /* Main.storyboard */,
				0FFAD2F321F5282500AC17D8 /* Assets.xcassets */,
				0FFAD2F521F5282500AC17D8 /* LaunchScreen.storyboard */,
				0FFAD2F821F5282500AC17D8 /* Info.plist */,
			);
			path = flix;
			sourceTree = "<group>";
		};
		0FFAD30021F5282600AC17D8 /* flixTests */ = {
			isa = PBXGroup;
			children = (
				0FFAD30121F5282600AC17D8 /* flixTests.swift */,
				0FFAD30321F5282600AC17D8 /* Info.plist */,
			);
			path = flixTests;
			sourceTree = "<group>";
		};
		0FFAD30B21F5282700AC17D8 /* flixUITests */ = {
			isa = PBXGroup;
			children = (
				0FFAD30C21F5282700AC17D8 /* flixUITests.swift */,
				0FFAD30E21F5282700AC17D8 /* Info.plist */,
			);
			path = flixUITests;
			sourceTree = "<group>";
		};
/* End PBXGroup section */

/* Begin PBXNativeTarget section */
		0FFAD2E821F5280200AC17D8 /* flix */ = {
			isa = PBXNativeTarget;
			buildConfigurationList = 0FFAD31121F5282700AC17D8 /* Build configuration list for PBXNativeTarget "flix" */;
			buildPhases = (
				0FFAD2E521F5280200AC17D8 /* Sources */,
				0FFAD2E621F5280200AC17D8 /* Frameworks */,
				0FFAD2E721F5280200AC17D8 /* Resources */,
			);
			buildRules = (
			);
			dependencies = (
			);
			name = flix;
			productName = flix;
			productReference = 0FFAD2E921F5280200AC17D8 /* flix.app */;
			productType = "com.apple.product-type.application";
		};
		0FFAD2FC21F5282600AC17D8 /* flixTests */ = {
			isa = PBXNativeTarget;
			buildConfigurationList = 0FFAD31421F5282700AC17D8 /* Build configuration list for PBXNativeTarget "flixTests" */;
			buildPhases = (
				0FFAD2F921F5282600AC17D8 /* Sources */,
				0FFAD2FA21F5282600AC17D8 /* Frameworks */,
				0FFAD2FB21F5282600AC17D8 /* Resources */,
			);
			buildRules = (
			);
			dependencies = (
				0FFAD2FF21F5282600AC17D8 /* PBXTargetDependency */,
			);
			name = flixTests;
			productName = flixTests;
			productReference = 0FFAD2FD21F5282600AC17D8 /* flixTests.xctest */;
			productType = "com.apple.product-type.bundle.unit-test";
		};
		0FFAD30721F5282700AC17D8 /* flixUITests */ = {
			isa = PBXNativeTarget;
			buildConfigurationList = 0FFAD31721F5282700AC17D8 /* Build configuration list for PBXNativeTarget "flixUITests" */;
			buildPhases = (
				0FFAD30421F5282700AC17D8 /* Sources */,
				0FFAD30521F5282700AC17D8 /* Frameworks */,
				0FFAD30621F5282700AC17D8 /* Resources */,
			);
			buildRules = (
			);
			dependencies = (
				0FFAD30A21F5282700AC17D8 /* PBXTargetDependency */,
			);
			name = flixUITests;
			productName = flixUITests;
			productReference = 0FFAD30821F5282700AC17D8 /* flixUITests.xctest */;
			productType = "com.apple.product-type.bundle.ui-testing";
		};
/* End PBXNativeTarget section */

/* Begin PBXProject section */
		0FFAD2E121F5280200AC17D8 /* Project object */ = {
			isa = PBXProject;
			attributes = {
				LastSwiftUpdateCheck = 1010;
				LastUpgradeCheck = 1010;
				ORGANIZATIONNAME = "Macklin Zhong";
				TargetAttributes = {
					0FFAD2E821F5280200AC17D8 = {
						CreatedOnToolsVersion = 10.1;
					};
					0FFAD2FC21F5282600AC17D8 = {
						CreatedOnToolsVersion = 10.1;
						TestTargetID = 0FFAD2E821F5280200AC17D8;
					};
					0FFAD30721F5282700AC17D8 = {
						CreatedOnToolsVersion = 10.1;
						TestTargetID = 0FFAD2E821F5280200AC17D8;
					};
				};
			};
			buildConfigurationList = 0FFAD2E421F5280200AC17D8 /* Build configuration list for PBXProject "flix" */;
			compatibilityVersion = "Xcode 9.3";
			developmentRegion = en;
			hasScannedForEncodings = 0;
			knownRegions = (
				en,
				Base,
			);
			mainGroup = 0FFAD2E021F5280200AC17D8;
			productRefGroup = 0FFAD2EA21F5280200AC17D8 /* Products */;
			projectDirPath = "";
			projectRoot = "";
			targets = (
				0FFAD2E821F5280200AC17D8 /* flix */,
				0FFAD2FC21F5282600AC17D8 /* flixTests */,
				0FFAD30721F5282700AC17D8 /* flixUITests */,
			);
		};
/* End PBXProject section */

/* Begin PBXResourcesBuildPhase section */
		0FFAD2E721F5280200AC17D8 /* Resources */ = {
			isa = PBXResourcesBuildPhase;
			buildActionMask = 2147483647;
			files = (
				0FFAD2F721F5282500AC17D8 /* LaunchScreen.storyboard in Resources */,
				0FFAD2F421F5282500AC17D8 /* Assets.xcassets in Resources */,
				0FFAD2F221F5280300AC17D8 /* Main.storyboard in Resources */,
			);
			runOnlyForDeploymentPostprocessing = 0;
		};
		0FFAD2FB21F5282600AC17D8 /* Resources */ = {
			isa = PBXResourcesBuildPhase;
			buildActionMask = 2147483647;
			files = (
			);
			runOnlyForDeploymentPostprocessing = 0;
		};
		0FFAD30621F5282700AC17D8 /* Resources */ = {
			isa = PBXResourcesBuildPhase;
			buildActionMask = 2147483647;
			files = (
			);
			runOnlyForDeploymentPostprocessing = 0;
		};
/* End PBXResourcesBuildPhase section */

/* Begin PBXSourcesBuildPhase section */
		0FFAD2E521F5280200AC17D8 /* Sources */ = {
			isa = PBXSourcesBuildPhase;
			buildActionMask = 2147483647;
			files = (
				0FFAD2EF21F5280200AC17D8 /* ViewController.swift in Sources */,
				0FFAD2ED21F5280200AC17D8 /* AppDelegate.swift in Sources */,
			);
			runOnlyForDeploymentPostprocessing = 0;
		};
		0FFAD2F921F5282600AC17D8 /* Sources */ = {
			isa = PBXSourcesBuildPhase;
			buildActionMask = 2147483647;
			files = (
				0FFAD30221F5282600AC17D8 /* flixTests.swift in Sources */,
			);
			runOnlyForDeploymentPostprocessing = 0;
		};
		0FFAD30421F5282700AC17D8 /* Sources */ = {
			isa = PBXSourcesBuildPhase;
			buildActionMask = 2147483647;
			files = (
				0FFAD30D21F5282700AC17D8 /* flixUITests.swift in Sources */,
			);
			runOnlyForDeploymentPostprocessing = 0;
		};
/* End PBXSourcesBuildPhase section */

/* Begin PBXTargetDependency section */
		0FFAD2FF21F5282600AC17D8 /* PBXTargetDependency */ = {
			isa = PBXTargetDependency;
			target = 0FFAD2E821F5280200AC17D8 /* flix */;
			targetProxy = 0FFAD2FE21F5282600AC17D8 /* PBXContainerItemProxy */;
		};
		0FFAD30A21F5282700AC17D8 /* PBXTargetDependency */ = {
			isa = PBXTargetDependency;
			target = 0FFAD2E821F5280200AC17D8 /* flix */;
			targetProxy = 0FFAD30921F5282700AC17D8 /* PBXContainerItemProxy */;
		};
/* End PBXTargetDependency section */

/* Begin PBXVariantGroup section */
		0FFAD2F021F5280300AC17D8 /* Main.storyboard */ = {
			isa = PBXVariantGroup;
			children = (
				0FFAD2F121F5280300AC17D8 /* Base */,
			);
			name = Main.storyboard;
			sourceTree = "<group>";
		};
		0FFAD2F521F5282500AC17D8 /* LaunchScreen.storyboard */ = {
			isa = PBXVariantGroup;
			children = (
				0FFAD2F621F5282500AC17D8 /* Base */,
			);
			name = LaunchScreen.storyboard;
			sourceTree = "<group>";
		};
/* End PBXVariantGroup section */

/* Begin XCBuildConfiguration section */
		0FFAD30F21F5282700AC17D8 /* Debug */ = {
			isa = XCBuildConfiguration;
			buildSettings = {
				ALWAYS_SEARCH_USER_PATHS = NO;
				CLANG_ANALYZER_NONNULL = YES;
				CLANG_ANALYZER_NUMBER_OBJECT_CONVERSION = YES_AGGRESSIVE;
				CLANG_CXX_LANGUAGE_STANDARD = "gnu++14";
				CLANG_CXX_LIBRARY = "libc++";
				CLANG_ENABLE_MODULES = YES;
				CLANG_ENABLE_OBJC_ARC = YES;
				CLANG_ENABLE_OBJC_WEAK = YES;
				CLANG_WARN_BLOCK_CAPTURE_AUTORELEASING = YES;
				CLANG_WARN_BOOL_CONVERSION = YES;
				CLANG_WARN_COMMA = YES;
				CLANG_WARN_CONSTANT_CONVERSION = YES;
				CLANG_WARN_DEPRECATED_OBJC_IMPLEMENTATIONS = YES;
				CLANG_WARN_DIRECT_OBJC_ISA_USAGE = YES_ERROR;
				CLANG_WARN_DOCUMENTATION_COMMENTS = YES;
				CLANG_WARN_EMPTY_BODY = YES;
				CLANG_WARN_ENUM_CONVERSION = YES;
				CLANG_WARN_INFINITE_RECURSION = YES;
				CLANG_WARN_INT_CONVERSION = YES;
				CLANG_WARN_NON_LITERAL_NULL_CONVERSION = YES;
				CLANG_WARN_OBJC_IMPLICIT_RETAIN_SELF = YES;
				CLANG_WARN_OBJC_LITERAL_CONVERSION = YES;
				CLANG_WARN_OBJC_ROOT_CLASS = YES_ERROR;
				CLANG_WARN_RANGE_LOOP_ANALYSIS = YES;
				CLANG_WARN_STRICT_PROTOTYPES = YES;
				CLANG_WARN_SUSPICIOUS_MOVE = YES;
				CLANG_WARN_UNGUARDED_AVAILABILITY = YES_AGGRESSIVE;
				CLANG_WARN_UNREACHABLE_CODE = YES;
				CLANG_WARN__DUPLICATE_METHOD_MATCH = YES;
				CODE_SIGN_IDENTITY = "iPhone Developer";
				COPY_PHASE_STRIP = NO;
				DEBUG_INFORMATION_FORMAT = dwarf;
				ENABLE_STRICT_OBJC_MSGSEND = YES;
				ENABLE_TESTABILITY = YES;
				GCC_C_LANGUAGE_STANDARD = gnu11;
				GCC_DYNAMIC_NO_PIC = NO;
				GCC_NO_COMMON_BLOCKS = YES;
				GCC_OPTIMIZATION_LEVEL = 0;
				GCC_PREPROCESSOR_DEFINITIONS = (
					"DEBUG=1",
					"$(inherited)",
				);
				GCC_WARN_64_TO_32_BIT_CONVERSION = YES;
				GCC_WARN_ABOUT_RETURN_TYPE = YES_ERROR;
				GCC_WARN_UNDECLARED_SELECTOR = YES;
				GCC_WARN_UNINITIALIZED_AUTOS = YES_AGGRESSIVE;
				GCC_WARN_UNUSED_FUNCTION = YES;
				GCC_WARN_UNUSED_VARIABLE = YES;
				IPHONEOS_DEPLOYMENT_TARGET = 12.1;
				MTL_ENABLE_DEBUG_INFO = INCLUDE_SOURCE;
				MTL_FAST_MATH = YES;
				ONLY_ACTIVE_ARCH = YES;
				SDKROOT = iphoneos;
				SWIFT_ACTIVE_COMPILATION_CONDITIONS = DEBUG;
				SWIFT_OPTIMIZATION_LEVEL = "-Onone";
			};
			name = Debug;
		};
		0FFAD31021F5282700AC17D8 /* Release */ = {
			isa = XCBuildConfiguration;
			buildSettings = {
				ALWAYS_SEARCH_USER_PATHS = NO;
				CLANG_ANALYZER_NONNULL = YES;
				CLANG_ANALYZER_NUMBER_OBJECT_CONVERSION = YES_AGGRESSIVE;
				CLANG_CXX_LANGUAGE_STANDARD = "gnu++14";
				CLANG_CXX_LIBRARY = "libc++";
				CLANG_ENABLE_MODULES = YES;
				CLANG_ENABLE_OBJC_ARC = YES;
				CLANG_ENABLE_OBJC_WEAK = YES;
				CLANG_WARN_BLOCK_CAPTURE_AUTORELEASING = YES;
				CLANG_WARN_BOOL_CONVERSION = YES;
				CLANG_WARN_COMMA = YES;
				CLANG_WARN_CONSTANT_CONVERSION = YES;
				CLANG_WARN_DEPRECATED_OBJC_IMPLEMENTATIONS = YES;
				CLANG_WARN_DIRECT_OBJC_ISA_USAGE = YES_ERROR;
				CLANG_WARN_DOCUMENTATION_COMMENTS = YES;
				CLANG_WARN_EMPTY_BODY = YES;
				CLANG_WARN_ENUM_CONVERSION = YES;
				CLANG_WARN_INFINITE_RECURSION = YES;
				CLANG_WARN_INT_CONVERSION = YES;
				CLANG_WARN_NON_LITERAL_NULL_CONVERSION = YES;
				CLANG_WARN_OBJC_IMPLICIT_RETAIN_SELF = YES;
				CLANG_WARN_OBJC_LITERAL_CONVERSION = YES;
				CLANG_WARN_OBJC_ROOT_CLASS = YES_ERROR;
				CLANG_WARN_RANGE_LOOP_ANALYSIS = YES;
				CLANG_WARN_STRICT_PROTOTYPES = YES;
				CLANG_WARN_SUSPICIOUS_MOVE = YES;
				CLANG_WARN_UNGUARDED_AVAILABILITY = YES_AGGRESSIVE;
				CLANG_WARN_UNREACHABLE_CODE = YES;
				CLANG_WARN__DUPLICATE_METHOD_MATCH = YES;
				CODE_SIGN_IDENTITY = "iPhone Developer";
				COPY_PHASE_STRIP = NO;
				DEBUG_INFORMATION_FORMAT = "dwarf-with-dsym";
				ENABLE_NS_ASSERTIONS = NO;
				ENABLE_STRICT_OBJC_MSGSEND = YES;
				GCC_C_LANGUAGE_STANDARD = gnu11;
				GCC_NO_COMMON_BLOCKS = YES;
				GCC_WARN_64_TO_32_BIT_CONVERSION = YES;
				GCC_WARN_ABOUT_RETURN_TYPE = YES_ERROR;
				GCC_WARN_UNDECLARED_SELECTOR = YES;
				GCC_WARN_UNINITIALIZED_AUTOS = YES_AGGRESSIVE;
				GCC_WARN_UNUSED_FUNCTION = YES;
				GCC_WARN_UNUSED_VARIABLE = YES;
				IPHONEOS_DEPLOYMENT_TARGET = 12.1;
				MTL_ENABLE_DEBUG_INFO = NO;
				MTL_FAST_MATH = YES;
				SDKROOT = iphoneos;
				SWIFT_COMPILATION_MODE = wholemodule;
				SWIFT_OPTIMIZATION_LEVEL = "-O";
				VALIDATE_PRODUCT = YES;
			};
			name = Release;
		};
		0FFAD31221F5282700AC17D8 /* Debug */ = {
			isa = XCBuildConfiguration;
			buildSettings = {
				ASSETCATALOG_COMPILER_APPICON_NAME = AppIcon;
				CODE_SIGN_STYLE = Automatic;
				INFOPLIST_FILE = flix/Info.plist;
				LD_RUNPATH_SEARCH_PATHS = (
					"$(inherited)",
					"@executable_path/Frameworks",
				);
				PRODUCT_BUNDLE_IDENTIFIER = com.zhong.flix;
				PRODUCT_NAME = "$(TARGET_NAME)";
				SWIFT_VERSION = 4.2;
				TARGETED_DEVICE_FAMILY = "1,2";
			};
			name = Debug;
		};
		0FFAD31321F5282700AC17D8 /* Release */ = {
			isa = XCBuildConfiguration;
			buildSettings = {
				ASSETCATALOG_COMPILER_APPICON_NAME = AppIcon;
				CODE_SIGN_STYLE = Automatic;
				INFOPLIST_FILE = flix/Info.plist;
				LD_RUNPATH_SEARCH_PATHS = (
					"$(inherited)",
					"@executable_path/Frameworks",
				);
				PRODUCT_BUNDLE_IDENTIFIER = com.zhong.flix;
				PRODUCT_NAME = "$(TARGET_NAME)";
				SWIFT_VERSION = 4.2;
				TARGETED_DEVICE_FAMILY = "1,2";
			};
			name = Release;
		};
		0FFAD31521F5282700AC17D8 /* Debug */ = {
			isa = XCBuildConfiguration;
			buildSettings = {
				ALWAYS_EMBED_SWIFT_STANDARD_LIBRARIES = YES;
				BUNDLE_LOADER = "$(TEST_HOST)";
				CODE_SIGN_STYLE = Automatic;
				INFOPLIST_FILE = flixTests/Info.plist;
				LD_RUNPATH_SEARCH_PATHS = (
					"$(inherited)",
					"@executable_path/Frameworks",
					"@loader_path/Frameworks",
				);
				PRODUCT_BUNDLE_IDENTIFIER = com.zhong.flixTests;
				PRODUCT_NAME = "$(TARGET_NAME)";
				SWIFT_VERSION = 4.2;
				TARGETED_DEVICE_FAMILY = "1,2";
				TEST_HOST = "$(BUILT_PRODUCTS_DIR)/flix.app/flix";
			};
			name = Debug;
		};
		0FFAD31621F5282700AC17D8 /* Release */ = {
			isa = XCBuildConfiguration;
			buildSettings = {
				ALWAYS_EMBED_SWIFT_STANDARD_LIBRARIES = YES;
				BUNDLE_LOADER = "$(TEST_HOST)";
				CODE_SIGN_STYLE = Automatic;
				INFOPLIST_FILE = flixTests/Info.plist;
				LD_RUNPATH_SEARCH_PATHS = (
					"$(inherited)",
					"@executable_path/Frameworks",
					"@loader_path/Frameworks",
				);
				PRODUCT_BUNDLE_IDENTIFIER = com.zhong.flixTests;
				PRODUCT_NAME = "$(TARGET_NAME)";
				SWIFT_VERSION = 4.2;
				TARGETED_DEVICE_FAMILY = "1,2";
				TEST_HOST = "$(BUILT_PRODUCTS_DIR)/flix.app/flix";
			};
			name = Release;
		};
		0FFAD31821F5282700AC17D8 /* Debug */ = {
			isa = XCBuildConfiguration;
			buildSettings = {
				ALWAYS_EMBED_SWIFT_STANDARD_LIBRARIES = YES;
				CODE_SIGN_STYLE = Automatic;
				INFOPLIST_FILE = flixUITests/Info.plist;
				LD_RUNPATH_SEARCH_PATHS = (
					"$(inherited)",
					"@executable_path/Frameworks",
					"@loader_path/Frameworks",
				);
				PRODUCT_BUNDLE_IDENTIFIER = com.zhong.flixUITests;
				PRODUCT_NAME = "$(TARGET_NAME)";
				SWIFT_VERSION = 4.2;
				TARGETED_DEVICE_FAMILY = "1,2";
				TEST_TARGET_NAME = flix;
			};
			name = Debug;
		};
		0FFAD31921F5282700AC17D8 /* Release */ = {
			isa = XCBuildConfiguration;
			buildSettings = {
				ALWAYS_EMBED_SWIFT_STANDARD_LIBRARIES = YES;
				CODE_SIGN_STYLE = Automatic;
				INFOPLIST_FILE = flixUITests/Info.plist;
				LD_RUNPATH_SEARCH_PATHS = (
					"$(inherited)",
					"@executable_path/Frameworks",
					"@loader_path/Frameworks",
				);
				PRODUCT_BUNDLE_IDENTIFIER = com.zhong.flixUITests;
				PRODUCT_NAME = "$(TARGET_NAME)";
				SWIFT_VERSION = 4.2;
				TARGETED_DEVICE_FAMILY = "1,2";
				TEST_TARGET_NAME = flix;
			};
			name = Release;
		};
/* End XCBuildConfiguration section */

/* Begin XCConfigurationList section */
		0FFAD2E421F5280200AC17D8 /* Build configuration list for PBXProject "flix" */ = {
			isa = XCConfigurationList;
			buildConfigurations = (
				0FFAD30F21F5282700AC17D8 /* Debug */,
				0FFAD31021F5282700AC17D8 /* Release */,
			);
			defaultConfigurationIsVisible = 0;
			defaultConfigurationName = Release;
		};
		0FFAD31121F5282700AC17D8 /* Build configuration list for PBXNativeTarget "flix" */ = {
			isa = XCConfigurationList;
			buildConfigurations = (
				0FFAD31221F5282700AC17D8 /* Debug */,
				0FFAD31321F5282700AC17D8 /* Release */,
			);
			defaultConfigurationIsVisible = 0;
			defaultConfigurationName = Release;
		};
		0FFAD31421F5282700AC17D8 /* Build configuration list for PBXNativeTarget "flixTests" */ = {
			isa = XCConfigurationList;
			buildConfigurations = (
				0FFAD31521F5282700AC17D8 /* Debug */,
				0FFAD31621F5282700AC17D8 /* Release */,
			);
			defaultConfigurationIsVisible = 0;
			defaultConfigurationName = Release;
		};
		0FFAD31721F5282700AC17D8 /* Build configuration list for PBXNativeTarget "flixUITests" */ = {
			isa = XCConfigurationList;
			buildConfigurations = (
				0FFAD31821F5282700AC17D8 /* Debug */,
				0FFAD31921F5282700AC17D8 /* Release */,
			);
			defaultConfigurationIsVisible = 0;
			defaultConfigurationName = Release;
		};
/* End XCConfigurationList section */
	};
	rootObject = 0FFAD2E121F5280200AC17D8 /* Project object */;
}
